
Microsoft Visual Studio Solution File, Format Version 11.00
# Visual Studio 2010
Project("{FAE04EC0-301F-11D3-BF4B-00C04F79EFBC}") = "Assembly-CSharp", "Assembly-CSharp.csproj", "{c35a55d4-3a83-302e-ee44-0d4bbd20a73f}"
EndProject
Global
	GlobalSection(SolutionConfigurationPlatforms) = preSolution
		Debug|Any CPU = Debug|Any CPU
		Release|Any CPU = Release|Any CPU
	EndGlobalSection
	GlobalSection(ProjectConfigurationPlatforms) = postSolution
		{c35a55d4-3a83-302e-ee44-0d4bbd20a73f}.Debug|Any CPU.ActiveCfg = Debug|Any CPU
		{c35a55d4-3a83-302e-ee44-0d4bbd20a73f}.Debug|Any CPU.Build.0 = Debug|Any CPU
		{c35a55d4-3a83-302e-ee44-0d4bbd20a73f}.Release|Any CPU.ActiveCfg = Release|Any CPU
		{c35a55d4-3a83-302e-ee44-0d4bbd20a73f}.Release|Any CPU.Build.0 = Release|Any CPU
	EndGlobalSection
	GlobalSection(SolutionProperties) = preSolution
		HideSolutionNode = FALSE
	EndGlobalSection
EndGlobal
